
Microsoft Visual Studio Solution File, Format Version 12.00
# Visual Studio 15
VisualStudioVersion = 15.0.28307.106
MinimumVisualStudioVersion = 10.0.40219.1
Project("{FAE04EC0-301F-11D3-BF4B-00C04F79EFBC}") = "FunctionApptest", "FunctionApptest\FunctionApptest.csproj", "{C4B82664-ABAD-41AB-94D0-C6D721412169}"
EndProject
Project("{FAE04EC0-301F-11D3-BF4B-00C04F79EFBC}") = "UserCreator", "DataProcessor\UserCreator.csproj", "{529E2F7D-1DFF-4A4B-967C-78D4EA006D0C}"
EndProject
Global
	GlobalSection(SolutionConfigurationPlatforms) = preSolution
		Debug|Any CPU = Debug|Any CPU
		Release|Any CPU = Release|Any CPU
	EndGlobalSection
	GlobalSection(ProjectConfigurationPlatforms) = postSolution
		{C4B82664-ABAD-41AB-94D0-C6D721412169}.Debug|Any CPU.ActiveCfg = Debug|Any CPU
		{C4B82664-ABAD-41AB-94D0-C6D721412169}.Debug|Any CPU.Build.0 = Debug|Any CPU
		{C4B82664-ABAD-41AB-94D0-C6D721412169}.Release|Any CPU.ActiveCfg = Release|Any CPU
		{C4B82664-ABAD-41AB-94D0-C6D721412169}.Release|Any CPU.Build.0 = Release|Any CPU
		{529E2F7D-1DFF-4A4B-967C-78D4EA006D0C}.Debug|Any CPU.ActiveCfg = Debug|Any CPU
		{529E2F7D-1DFF-4A4B-967C-78D4EA006D0C}.Debug|Any CPU.Build.0 = Debug|Any CPU
		{529E2F7D-1DFF-4A4B-967C-78D4EA006D0C}.Release|Any CPU.ActiveCfg = Release|Any CPU
		{529E2F7D-1DFF-4A4B-967C-78D4EA006D0C}.Release|Any CPU.Build.0 = Release|Any CPU
	EndGlobalSection
	GlobalSection(SolutionProperties) = preSolution
		HideSolutionNode = FALSE
	EndGlobalSection
	GlobalSection(ExtensibilityGlobals) = postSolution
		SolutionGuid = {D647D662-DAD0-40BC-8C4A-AD06E34E87BC}
	EndGlobalSection
EndGlobal
